
Microsoft Visual Studio Solution File, Format Version 12.00
# Visual Studio Version 17
VisualStudioVersion = 17.0.31903.59
MinimumVisualStudioVersion = 10.0.40219.1
Project("{FAE04EC0-301F-11D3-BF4B-00C04F79EFBC}") = "IODD.Parser", "IODD.Parser\IODD.Parser.csproj", "{BF0C1D43-DE5A-4321-AC58-BF3CB9E39ED2}"
EndProject
Project("{FAE04EC0-301F-11D3-BF4B-00C04F79EFBC}") = "IODD.Structure", "IODD.Structure\IODD.Structure.csproj", "{4964A6A7-6C03-48FB-AC79-1802B3E21579}"
EndProject
Project("{FAE04EC0-301F-11D3-BF4B-00C04F79EFBC}") = "IODD.Resolution", "IODD.Resolution\IODD.Resolution.csproj", "{A3E33463-D3F4-44D7-9BA7-D29B39D814D2}"
EndProject
Project("{2150E333-8FDC-42A3-9474-1A3956D46DE8}") = "Tests", "Tests", "{A87B4B20-7BB8-452F-934A-8860F6252B80}"
EndProject
Project("{FAE04EC0-301F-11D3-BF4B-00C04F79EFBC}") = "Conversion.Tests", "Tests\Conversion.Tests\Conversion.Tests.csproj", "{E15B2355-25E7-4BA4-B541-1878426EADDA}"
EndProject
Project("{FAE04EC0-301F-11D3-BF4B-00C04F79EFBC}") = "IODD.Parser.Tests", "Tests\IODD.Parser.Tests\IODD.Parser.Tests.csproj", "{DE82F0B8-0063-477D-97D9-B484B2BAA55A}"
EndProject
Project("{FAE04EC0-301F-11D3-BF4B-00C04F79EFBC}") = "IODD.Resolution.Tests", "Tests\IODD.Resolution.Tests\IODD.Resolution.Tests.csproj", "{50A473CC-55EF-4DC4-9B8B-6E3D3ECC193C}"
EndProject
Project("{FAE04EC0-301F-11D3-BF4B-00C04F79EFBC}") = "Conversion", "Conversion\Conversion.csproj", "{44A65C0C-C0C8-4FF1-BA39-51652259580F}"
EndProject
Project("{FAE04EC0-301F-11D3-BF4B-00C04F79EFBC}") = "IODD.Provider", "IODD.Provider\IODD.Provider.csproj", "{8A1B5417-9CFC-4821-A006-4938A8EE4ED3}"
EndProject
Project("{FAE04EC0-301F-11D3-BF4B-00C04F79EFBC}") = "IODD.Provider.Tests", "Tests\IODD.Provider.Tests\IODD.Provider.Tests.csproj", "{D79F2EA0-3E3E-419A-9C2C-72133FD18799}"
EndProject
Project("{FAE04EC0-301F-11D3-BF4B-00C04F79EFBC}") = "Device", "Device\Device.csproj", "{973D98F0-A935-41B2-B7B4-728ED935C29F}"
EndProject
Global
	GlobalSection(SolutionConfigurationPlatforms) = preSolution
		Debug|Any CPU = Debug|Any CPU
		Release|Any CPU = Release|Any CPU
	EndGlobalSection
	GlobalSection(SolutionProperties) = preSolution
		HideSolutionNode = FALSE
	EndGlobalSection
	GlobalSection(ProjectConfigurationPlatforms) = postSolution
		{BF0C1D43-DE5A-4321-AC58-BF3CB9E39ED2}.Debug|Any CPU.ActiveCfg = Debug|Any CPU
		{BF0C1D43-DE5A-4321-AC58-BF3CB9E39ED2}.Debug|Any CPU.Build.0 = Debug|Any CPU
		{BF0C1D43-DE5A-4321-AC58-BF3CB9E39ED2}.Release|Any CPU.ActiveCfg = Release|Any CPU
		{BF0C1D43-DE5A-4321-AC58-BF3CB9E39ED2}.Release|Any CPU.Build.0 = Release|Any CPU
		{4964A6A7-6C03-48FB-AC79-1802B3E21579}.Debug|Any CPU.ActiveCfg = Debug|Any CPU
		{4964A6A7-6C03-48FB-AC79-1802B3E21579}.Debug|Any CPU.Build.0 = Debug|Any CPU
		{4964A6A7-6C03-48FB-AC79-1802B3E21579}.Release|Any CPU.ActiveCfg = Release|Any CPU
		{4964A6A7-6C03-48FB-AC79-1802B3E21579}.Release|Any CPU.Build.0 = Release|Any CPU
		{A3E33463-D3F4-44D7-9BA7-D29B39D814D2}.Debug|Any CPU.ActiveCfg = Debug|Any CPU
		{A3E33463-D3F4-44D7-9BA7-D29B39D814D2}.Debug|Any CPU.Build.0 = Debug|Any CPU
		{A3E33463-D3F4-44D7-9BA7-D29B39D814D2}.Release|Any CPU.ActiveCfg = Release|Any CPU
		{A3E33463-D3F4-44D7-9BA7-D29B39D814D2}.Release|Any CPU.Build.0 = Release|Any CPU
		{E15B2355-25E7-4BA4-B541-1878426EADDA}.Debug|Any CPU.ActiveCfg = Debug|Any CPU
		{E15B2355-25E7-4BA4-B541-1878426EADDA}.Debug|Any CPU.Build.0 = Debug|Any CPU
		{E15B2355-25E7-4BA4-B541-1878426EADDA}.Release|Any CPU.ActiveCfg = Release|Any CPU
		{E15B2355-25E7-4BA4-B541-1878426EADDA}.Release|Any CPU.Build.0 = Release|Any CPU
		{DE82F0B8-0063-477D-97D9-B484B2BAA55A}.Debug|Any CPU.ActiveCfg = Debug|Any CPU
		{DE82F0B8-0063-477D-97D9-B484B2BAA55A}.Debug|Any CPU.Build.0 = Debug|Any CPU
		{DE82F0B8-0063-477D-97D9-B484B2BAA55A}.Release|Any CPU.ActiveCfg = Release|Any CPU
		{DE82F0B8-0063-477D-97D9-B484B2BAA55A}.Release|Any CPU.Build.0 = Release|Any CPU
		{50A473CC-55EF-4DC4-9B8B-6E3D3ECC193C}.Debug|Any CPU.ActiveCfg = Debug|Any CPU
		{50A473CC-55EF-4DC4-9B8B-6E3D3ECC193C}.Debug|Any CPU.Build.0 = Debug|Any CPU
		{50A473CC-55EF-4DC4-9B8B-6E3D3ECC193C}.Release|Any CPU.ActiveCfg = Release|Any CPU
		{50A473CC-55EF-4DC4-9B8B-6E3D3ECC193C}.Release|Any CPU.Build.0 = Release|Any CPU
		{44A65C0C-C0C8-4FF1-BA39-51652259580F}.Debug|Any CPU.ActiveCfg = Debug|Any CPU
		{44A65C0C-C0C8-4FF1-BA39-51652259580F}.Debug|Any CPU.Build.0 = Debug|Any CPU
		{44A65C0C-C0C8-4FF1-BA39-51652259580F}.Release|Any CPU.ActiveCfg = Release|Any CPU
		{44A65C0C-C0C8-4FF1-BA39-51652259580F}.Release|Any CPU.Build.0 = Release|Any CPU
		{8A1B5417-9CFC-4821-A006-4938A8EE4ED3}.Debug|Any CPU.ActiveCfg = Debug|Any CPU
		{8A1B5417-9CFC-4821-A006-4938A8EE4ED3}.Debug|Any CPU.Build.0 = Debug|Any CPU
		{8A1B5417-9CFC-4821-A006-4938A8EE4ED3}.Release|Any CPU.ActiveCfg = Release|Any CPU
		{8A1B5417-9CFC-4821-A006-4938A8EE4ED3}.Release|Any CPU.Build.0 = Release|Any CPU
		{D79F2EA0-3E3E-419A-9C2C-72133FD18799}.Debug|Any CPU.ActiveCfg = Debug|Any CPU
		{D79F2EA0-3E3E-419A-9C2C-72133FD18799}.Debug|Any CPU.Build.0 = Debug|Any CPU
		{D79F2EA0-3E3E-419A-9C2C-72133FD18799}.Release|Any CPU.ActiveCfg = Release|Any CPU
		{D79F2EA0-3E3E-419A-9C2C-72133FD18799}.Release|Any CPU.Build.0 = Release|Any CPU
		{973D98F0-A935-41B2-B7B4-728ED935C29F}.Debug|Any CPU.ActiveCfg = Debug|Any CPU
		{973D98F0-A935-41B2-B7B4-728ED935C29F}.Debug|Any CPU.Build.0 = Debug|Any CPU
		{973D98F0-A935-41B2-B7B4-728ED935C29F}.Release|Any CPU.ActiveCfg = Release|Any CPU
		{973D98F0-A935-41B2-B7B4-728ED935C29F}.Release|Any CPU.Build.0 = Release|Any CPU
	EndGlobalSection
	GlobalSection(NestedProjects) = preSolution
		{E15B2355-25E7-4BA4-B541-1878426EADDA} = {A87B4B20-7BB8-452F-934A-8860F6252B80}
		{DE82F0B8-0063-477D-97D9-B484B2BAA55A} = {A87B4B20-7BB8-452F-934A-8860F6252B80}
		{50A473CC-55EF-4DC4-9B8B-6E3D3ECC193C} = {A87B4B20-7BB8-452F-934A-8860F6252B80}
		{D79F2EA0-3E3E-419A-9C2C-72133FD18799} = {A87B4B20-7BB8-452F-934A-8860F6252B80}
	EndGlobalSection
EndGlobal
