Microsoft Visual Studio Solution File, Format Version 12.00
# Visual Studio Version 17
VisualStudioVersion = 17.0.31903.59
MinimumVisualStudioVersion = 10.0.40219.1
Project("{9A19103F-16F7-4668-BE54-9A1E7A4F7556}") = "IOLink.NET.Core", "IOLink.NET.Core\IOLink.NET.Core.csproj", "{6C7C4E2A-8B5A-4D1E-9F2B-1A2B3C4D5E6F}"
EndProject
Project("{9A19103F-16F7-4668-BE54-9A1E7A4F7556}") = "IOLink.NET.IODD", "IOLink.NET.IODD\IOLink.NET.IODD.csproj", "{7D8D5F3B-9C6B-5E2F-AF3C-2B3C4D5E6F7G}"
EndProject
Project("{9A19103F-16F7-4668-BE54-9A1E7A4F7556}") = "IOLink.NET", "IOLink.NET\IOLink.NET.csproj", "{8E9E6F4C-AD7C-6F3F-BF4D-3C4D5E6F7G8H}"
EndProject
Project("{9A19103F-16F7-4668-BE54-9A1E7A4F7556}") = "IOLink.NET.Visualization", "IOLink.NET.Visualization\IOLink.NET.Visualization.csproj", "{9F0F7F5D-BE8D-7F4F-CF5E-4D5E6F7G8H9I}"
EndProject
Project("{9A19103F-16F7-4668-BE54-9A1E7A4F7556}") = "IOLink.NET.Vendors.Ifm", "IOLink.NET.Vendors.Ifm\IOLink.NET.Vendors.Ifm.csproj", "{A1A18F6E-CF9E-8F5F-DF6F-5E6F7G8H9I0J}"
EndProject
Global
	GlobalSection(SolutionConfigurationPlatforms) = preSolution
		Debug|Any CPU = Debug|Any CPU
		Release|Any CPU = Release|Any CPU
	EndGlobalSection
	GlobalSection(ProjectConfigurationPlatforms) = postSolution
		{6C7C4E2A-8B5A-4D1E-9F2B-1A2B3C4D5E6F}.Debug|Any CPU.ActiveCfg = Debug|Any CPU
		{6C7C4E2A-8B5A-4D1E-9F2B-1A2B3C4D5E6F}.Debug|Any CPU.Build.0 = Debug|Any CPU
		{6C7C4E2A-8B5A-4D1E-9F2B-1A2B3C4D5E6F}.Release|Any CPU.ActiveCfg = Release|Any CPU
		{6C7C4E2A-8B5A-4D1E-9F2B-1A2B3C4D5E6F}.Release|Any CPU.Build.0 = Release|Any CPU
		{7D8D5F3B-9C6B-5E2F-AF3C-2B3C4D5E6F7G}.Debug|Any CPU.ActiveCfg = Debug|Any CPU
		{7D8D5F3B-9C6B-5E2F-AF3C-2B3C4D5E6F7G}.Debug|Any CPU.Build.0 = Debug|Any CPU
		{7D8D5F3B-9C6B-5E2F-AF3C-2B3C4D5E6F7G}.Release|Any CPU.ActiveCfg = Release|Any CPU
		{7D8D5F3B-9C6B-5E2F-AF3C-2B3C4D5E6F7G}.Release|Any CPU.Build.0 = Release|Any CPU
		{8E9E6F4C-AD7C-6F3F-BF4D-3C4D5E6F7G8H}.Debug|Any CPU.ActiveCfg = Debug|Any CPU
		{8E9E6F4C-AD7C-6F3F-BF4D-3C4D5E6F7G8H}.Debug|Any CPU.Build.0 = Debug|Any CPU
		{8E9E6F4C-AD7C-6F3F-BF4D-3C4D5E6F7G8H}.Release|Any CPU.ActiveCfg = Release|Any CPU
		{8E9E6F4C-AD7C-6F3F-BF4D-3C4D5E6F7G8H}.Release|Any CPU.Build.0 = Release|Any CPU
		{9F0F7F5D-BE8D-7F4F-CF5E-4D5E6F7G8H9I}.Debug|Any CPU.ActiveCfg = Debug|Any CPU
		{9F0F7F5D-BE8D-7F4F-CF5E-4D5E6F7G8H9I}.Debug|Any CPU.Build.0 = Debug|Any CPU
		{9F0F7F5D-BE8D-7F4F-CF5E-4D5E6F7G8H9I}.Release|Any CPU.ActiveCfg = Release|Any CPU
		{9F0F7F5D-BE8D-7F4F-CF5E-4D5E6F7G8H9I}.Release|Any CPU.Build.0 = Release|Any CPU
		{A1A18F6E-CF9E-8F5F-DF6F-5E6F7G8H9I0J}.Debug|Any CPU.ActiveCfg = Debug|Any CPU
		{A1A18F6E-CF9E-8F5F-DF6F-5E6F7G8H9I0J}.Debug|Any CPU.Build.0 = Debug|Any CPU
		{A1A18F6E-CF9E-8F5F-DF6F-5E6F7G8H9I0J}.Release|Any CPU.ActiveCfg = Release|Any CPU
		{A1A18F6E-CF9E-8F5F-DF6F-5E6F7G8H9I0J}.Release|Any CPU.Build.0 = Release|Any CPU
	EndGlobalSection
EndGlobal
