
Microsoft Visual Studio Solution File, Format Version 12.00
# Visual Studio Version 17
VisualStudioVersion = 17.0.31903.59
MinimumVisualStudioVersion = 10.0.40219.1
Project("{FAE04EC0-301F-11D3-BF4B-00C04F79EFBC}") = "IODD.Parser", "IODD.Parser\IODD.Parser.csproj", "{BF0C1D43-DE5A-4321-AC58-BF3CB9E39ED2}"
EndProject
Project("{FAE04EC0-301F-11D3-BF4B-00C04F79EFBC}") = "IODD.Structure", "IODD.Structure\IODD.Structure.csproj", "{4964A6A7-6C03-48FB-AC79-1802B3E21579}"
EndProject
Global
	GlobalSection(SolutionConfigurationPlatforms) = preSolution
		Debug|Any CPU = Debug|Any CPU
		Release|Any CPU = Release|Any CPU
	EndGlobalSection
	GlobalSection(SolutionProperties) = preSolution
		HideSolutionNode = FALSE
	EndGlobalSection
	GlobalSection(ProjectConfigurationPlatforms) = postSolution
		{BF0C1D43-DE5A-4321-AC58-BF3CB9E39ED2}.Debug|Any CPU.ActiveCfg = Debug|Any CPU
		{BF0C1D43-DE5A-4321-AC58-BF3CB9E39ED2}.Debug|Any CPU.Build.0 = Debug|Any CPU
		{BF0C1D43-DE5A-4321-AC58-BF3CB9E39ED2}.Release|Any CPU.ActiveCfg = Release|Any CPU
		{BF0C1D43-DE5A-4321-AC58-BF3CB9E39ED2}.Release|Any CPU.Build.0 = Release|Any CPU
		{4964A6A7-6C03-48FB-AC79-1802B3E21579}.Debug|Any CPU.ActiveCfg = Debug|Any CPU
		{4964A6A7-6C03-48FB-AC79-1802B3E21579}.Debug|Any CPU.Build.0 = Debug|Any CPU
		{4964A6A7-6C03-48FB-AC79-1802B3E21579}.Release|Any CPU.ActiveCfg = Release|Any CPU
		{4964A6A7-6C03-48FB-AC79-1802B3E21579}.Release|Any CPU.Build.0 = Release|Any CPU
	EndGlobalSection
EndGlobal
